
Microsoft Visual Studio Solution File, Format Version 12.00
# Visual Studio Version 16
VisualStudioVersion = 16.0.33423.256
MinimumVisualStudioVersion = 10.0.40219.1
Project("{FAE04EC0-301F-11D3-BF4B-00C04F79EFBC}") = "Game", "Game\Game.csproj", "{BF2FC8C5-BA24-4776-A2AF-FE0F4B55D87A}"
EndProject
Global
	GlobalSection(SolutionConfigurationPlatforms) = preSolution
		Debug|Any CPU = Debug|Any CPU
		Release|Any CPU = Release|Any CPU
	EndGlobalSection
	GlobalSection(ProjectConfigurationPlatforms) = postSolution
		{BF2FC8C5-BA24-4776-A2AF-FE0F4B55D87A}.Debug|Any CPU.ActiveCfg = Debug|Any CPU
		{BF2FC8C5-BA24-4776-A2AF-FE0F4B55D87A}.Debug|Any CPU.Build.0 = Debug|Any CPU
		{BF2FC8C5-BA24-4776-A2AF-FE0F4B55D87A}.Release|Any CPU.ActiveCfg = Release|Any CPU
		{BF2FC8C5-BA24-4776-A2AF-FE0F4B55D87A}.Release|Any CPU.Build.0 = Release|Any CPU
	EndGlobalSection
	GlobalSection(SolutionProperties) = preSolution
		HideSolutionNode = FALSE
	EndGlobalSection
	GlobalSection(ExtensibilityGlobals) = postSolution
		SolutionGuid = {F945E5DC-BA3C-479E-A190-2DDCF5E16B50}
	EndGlobalSection
EndGlobal
